github.com/RangelReale/osin v1.0.1 h1:JcqBe8ljQq9WQJPtioXGxBWyIcfuVMw0BX6yJ9E4HKw=
github.com/RangelReale/osin v1.0.1/go.mod h1:k/PH1SjZDitJDtK3zHm/XZRi+bRz6i3rhx9qE9p54CY=
github.com/dgrijalva/jwt-go v1.0.2 h1:KPldsxuKGsS2FPWsNeg9ZO18aCrGKujPoWXn2yo+KQM=
github.com/dgrijalva/jwt-go v3.2.0+incompatible h1:7qlOGliEKZXTDg6OTjfoBKDXWrumCAMpl/TFQ4/5kLM=
github.com/dgrijalva/jwt-go v3.2.0+incompatible/go.mod h1:E3ru+11k8xSBh+hMPgOLZmtrrCbhqsmaPHjLKYnJCaQ=
github.com/google/uuid v1.0.0 h1:b4Gk+7WdP/d3HZH8EJsZpvV7EtDOgaZLtnaNGIu1adA=
github.com/google/uuid v1.0.0/go.mod h1:TIyPZe4MgqvfeYDBFedMoGGpEw/LqOeaOT+nhxU+yHo=
github.com/pborman/uuid v1.2.1 h1:+ZZIw58t/ozdjRaXh/3awHfmWRbzYxJoAdNJxe/3pvw=
github.com/pborman/uuid v1.2.1/go.mod h1:X/NO0urCmaxf9VXbdlT7C2Yzkj2IKimNn4k+gtPdI/k=
github.com/xtgo/uuid v0.0.0-20140804021211-a0b114877d4c h1:3lbZUMbMiGUW/LMkfsEABsc5zNT9+b1CvsJx47JzJ8g=
github.com/xtgo/uuid v0.0.0-20140804021211-a0b114877d4c/go.mod h1:UrdRz5enIKZ63MEE3IF9l2/ebyx59GyGgPi+tICQdmM=
